
Microsoft Visual Studio Solution File, Format Version 12.00
# Visual Studio Version 17
VisualStudioVersion = 17.5.33627.172
MinimumVisualStudioVersion = 10.0.40219.1
Project("{FAE04EC0-301F-11D3-BF4B-00C04F79EFBC}") = "WindowsFormsApp19", "WindowsFormsApp19.csproj", "{507E696E-B9CD-4DEB-848B-3EFDF38D57A6}"
EndProject
Global
	GlobalSection(SolutionConfigurationPlatforms) = preSolution
		Debug|Any CPU = Debug|Any CPU
		Release|Any CPU = Release|Any CPU
	EndGlobalSection
	GlobalSection(ProjectConfigurationPlatforms) = postSolution
		{507E696E-B9CD-4DEB-848B-3EFDF38D57A6}.Debug|Any CPU.ActiveCfg = Debug|Any CPU
		{507E696E-B9CD-4DEB-848B-3EFDF38D57A6}.Debug|Any CPU.Build.0 = Debug|Any CPU
		{507E696E-B9CD-4DEB-848B-3EFDF38D57A6}.Release|Any CPU.ActiveCfg = Release|Any CPU
		{507E696E-B9CD-4DEB-848B-3EFDF38D57A6}.Release|Any CPU.Build.0 = Release|Any CPU
	EndGlobalSection
	GlobalSection(SolutionProperties) = preSolution
		HideSolutionNode = FALSE
	EndGlobalSection
	GlobalSection(ExtensibilityGlobals) = postSolution
		SolutionGuid = {E1423C3A-0F8D-4A9C-BE7B-6329AC16C685}
	EndGlobalSection
EndGlobal
